// !$*UTF8*$!
{
	archiveVersion = 1;
	classes = {
	};
	objectVersion = 77;
	objects = {

/* Begin PBXContainerItemProxy section */
		2409069F2D7DB73800ECFFD0 /* PBXContainerItemProxy */ = {
			isa = PBXContainerItemProxy;
			containerPortal = 240906862D7DB73600ECFFD0 /* Project object */;
			proxyType = 1;
			remoteGlobalIDString = 2409068D2D7DB73600ECFFD0;
			remoteInfo = SpeakBTest;
		};
		240906A92D7DB73800ECFFD0 /* PBXContainerItemProxy */ = {
			isa = PBXContainerItemProxy;
			containerPortal = 240906862D7DB73600ECFFD0 /* Project object */;
			proxyType = 1;
			remoteGlobalIDString = 2409068D2D7DB73600ECFFD0;
			remoteInfo = SpeakBTest;
		};
/* End PBXContainerItemProxy section */

/* Begin PBXFileReference section */
		2409068E2D7DB73600ECFFD0 /* SpeakBTest.app */ = {isa = PBXFileReference; explicitFileType = wrapper.application; includeInIndex = 0; path = SpeakBTest.app; sourceTree = BUILT_PRODUCTS_DIR; };
		2409069E2D7DB73800ECFFD0 /* SpeakBTestTests.xctest */ = {isa = PBXFileReference; explicitFileType = wrapper.cfbundle; includeInIndex = 0; path = SpeakBTestTests.xctest; sourceTree = BUILT_PRODUCTS_DIR; };
		240906A82D7DB73800ECFFD0 /* SpeakBTestUITests.xctest */ = {isa = PBXFileReference; explicitFileType = wrapper.cfbundle; includeInIndex = 0; path = SpeakBTestUITests.xctest; sourceTree = BUILT_PRODUCTS_DIR; };
/* End PBXFileReference section */

/* Begin PBXFileSystemSynchronizedRootGroup section */
		240906902D7DB73600ECFFD0 /* SpeakBTest */ = {
			isa = PBXFileSystemSynchronizedRootGroup;
			path = SpeakBTest;
			sourceTree = "<group>";
		};
		240906A12D7DB73800ECFFD0 /* SpeakBTestTests */ = {
			isa = PBXFileSystemSynchronizedRootGroup;
			path = SpeakBTestTests;
			sourceTree = "<group>";
		};
		240906AB2D7DB73800ECFFD0 /* SpeakBTestUITests */ = {
			isa = PBXFileSystemSynchronizedRootGroup;
			path = SpeakBTestUITests;
			sourceTree = "<group>";
		};
/* End PBXFileSystemSynchronizedRootGroup section */

/* Begin PBXFrameworksBuildPhase section */
		2409068B2D7DB73600ECFFD0 /* Frameworks */ = {
			isa = PBXFrameworksBuildPhase;
			buildActionMask = 2147483647;
			files = (
			);
			runOnlyForDeploymentPostprocessing = 0;
		};
		2409069B2D7DB73800ECFFD0 /* Frameworks */ = {
			isa = PBXFrameworksBuildPhase;
			buildActionMask = 2147483647;
			files = (
			);
			runOnlyForDeploymentPostprocessing = 0;
		};
		240906A52D7DB73800ECFFD0 /* Frameworks */ = {
			isa = PBXFrameworksBuildPhase;
			buildActionMask = 2147483647;
			files = (
			);
			runOnlyForDeploymentPostprocessing = 0;
		};
/* End PBXFrameworksBuildPhase section */

/* Begin PBXGroup section */
		240906852D7DB73600ECFFD0 = {
			isa = PBXGroup;
			children = (
				240906902D7DB73600ECFFD0 /* SpeakBTest */,
				240906A12D7DB73800ECFFD0 /* SpeakBTestTests */,
				240906AB2D7DB73800ECFFD0 /* SpeakBTestUITests */,
				2409068F2D7DB73600ECFFD0 /* Products */,
			);
			sourceTree = "<group>";
		};
		2409068F2D7DB73600ECFFD0 /* Products */ = {
			isa = PBXGroup;
			children = (
				2409068E2D7DB73600ECFFD0 /* SpeakBTest.app */,
				2409069E2D7DB73800ECFFD0 /* SpeakBTestTests.xctest */,
				240906A82D7DB73800ECFFD0 /* SpeakBTestUITests.xctest */,
			);
			name = Products;
			sourceTree = "<group>";
		};
/* End PBXGroup section */

/* Begin PBXNativeTarget section */
		2409068D2D7DB73600ECFFD0 /* SpeakBTest */ = {
			isa = PBXNativeTarget;
			buildConfigurationList = 240906B22D7DB73900ECFFD0 /* Build configuration list for PBXNativeTarget "SpeakBTest" */;
			buildPhases = (
				2409068A2D7DB73600ECFFD0 /* Sources */,
				2409068B2D7DB73600ECFFD0 /* Frameworks */,
				2409068C2D7DB73600ECFFD0 /* Resources */,
			);
			buildRules = (
			);
			dependencies = (
			);
			fileSystemSynchronizedGroups = (
				240906902D7DB73600ECFFD0 /* SpeakBTest */,
			);
			name = SpeakBTest;
			packageProductDependencies = (
			);
			productName = SpeakBTest;
			productReference = 2409068E2D7DB73600ECFFD0 /* SpeakBTest.app */;
			productType = "com.apple.product-type.application";
		};
		2409069D2D7DB73800ECFFD0 /* SpeakBTestTests */ = {
			isa = PBXNativeTarget;
			buildConfigurationList = 240906B52D7DB73900ECFFD0 /* Build configuration list for PBXNativeTarget "SpeakBTestTests" */;
			buildPhases = (
				2409069A2D7DB73800ECFFD0 /* Sources */,
				2409069B2D7DB73800ECFFD0 /* Frameworks */,
				2409069C2D7DB73800ECFFD0 /* Resources */,
			);
			buildRules = (
			);
			dependencies = (
				240906A02D7DB73800ECFFD0 /* PBXTargetDependency */,
			);
			fileSystemSynchronizedGroups = (
				240906A12D7DB73800ECFFD0 /* SpeakBTestTests */,
			);
			name = SpeakBTestTests;
			packageProductDependencies = (
			);
			productName = SpeakBTestTests;
			productReference = 2409069E2D7DB73800ECFFD0 /* SpeakBTestTests.xctest */;
			productType = "com.apple.product-type.bundle.unit-test";
		};
		240906A72D7DB73800ECFFD0 /* SpeakBTestUITests */ = {
			isa = PBXNativeTarget;
			buildConfigurationList = 240906B82D7DB73900ECFFD0 /* Build configuration list for PBXNativeTarget "SpeakBTestUITests" */;
			buildPhases = (
				240906A42D7DB73800ECFFD0 /* Sources */,
				240906A52D7DB73800ECFFD0 /* Frameworks */,
				240906A62D7DB73800ECFFD0 /* Resources */,
			);
			buildRules = (
			);
			dependencies = (
				240906AA2D7DB73800ECFFD0 /* PBXTargetDependency */,
			);
			fileSystemSynchronizedGroups = (
				240906AB2D7DB73800ECFFD0 /* SpeakBTestUITests */,
			);
			name = SpeakBTestUITests;
			packageProductDependencies = (
			);
			productName = SpeakBTestUITests;
			productReference = 240906A82D7DB73800ECFFD0 /* SpeakBTestUITests.xctest */;
			productType = "com.apple.product-type.bundle.ui-testing";
		};
/* End PBXNativeTarget section */

/* Begin PBXProject section */
		240906862D7DB73600ECFFD0 /* Project object */ = {
			isa = PBXProject;
			attributes = {
				BuildIndependentTargetsInParallel = 1;
				LastSwiftUpdateCheck = 1620;
				LastUpgradeCheck = 1620;
				TargetAttributes = {
					2409068D2D7DB73600ECFFD0 = {
						CreatedOnToolsVersion = 16.2;
					};
					2409069D2D7DB73800ECFFD0 = {
						CreatedOnToolsVersion = 16.2;
						TestTargetID = 2409068D2D7DB73600ECFFD0;
					};
					240906A72D7DB73800ECFFD0 = {
						CreatedOnToolsVersion = 16.2;
						TestTargetID = 2409068D2D7DB73600ECFFD0;
					};
				};
			};
			buildConfigurationList = 240906892D7DB73600ECFFD0 /* Build configuration list for PBXProject "SpeakBTest" */;
			developmentRegion = en;
			hasScannedForEncodings = 0;
			knownRegions = (
				en,
				Base,
			);
			mainGroup = 240906852D7DB73600ECFFD0;
			minimizedProjectReferenceProxies = 1;
			preferredProjectObjectVersion = 77;
			productRefGroup = 2409068F2D7DB73600ECFFD0 /* Products */;
			projectDirPath = "";
			projectRoot = "";
			targets = (
				2409068D2D7DB73600ECFFD0 /* SpeakBTest */,
				2409069D2D7DB73800ECFFD0 /* SpeakBTestTests */,
				240906A72D7DB73800ECFFD0 /* SpeakBTestUITests */,
			);
		};
/* End PBXProject section */

/* Begin PBXResourcesBuildPhase section */
		2409068C2D7DB73600ECFFD0 /* Resources */ = {
			isa = PBXResourcesBuildPhase;
			buildActionMask = 2147483647;
			files = (
			);
			runOnlyForDeploymentPostprocessing = 0;
		};
		2409069C2D7DB73800ECFFD0 /* Resources */ = {
			isa = PBXResourcesBuildPhase;
			buildActionMask = 2147483647;
			files = (
			);
			runOnlyForDeploymentPostprocessing = 0;
		};
		240906A62D7DB73800ECFFD0 /* Resources */ = {
			isa = PBXResourcesBuildPhase;
			buildActionMask = 2147483647;
			files = (
			);
			runOnlyForDeploymentPostprocessing = 0;
		};
/* End PBXResourcesBuildPhase section */

/* Begin PBXSourcesBuildPhase section */
		2409068A2D7DB73600ECFFD0 /* Sources */ = {
			isa = PBXSourcesBuildPhase;
			buildActionMask = 2147483647;
			files = (
			);
			runOnlyForDeploymentPostprocessing = 0;
		};
		2409069A2D7DB73800ECFFD0 /* Sources */ = {
			isa = PBXSourcesBuildPhase;
			buildActionMask = 2147483647;
			files = (
			);
			runOnlyForDeploymentPostprocessing = 0;
		};
		240906A42D7DB73800ECFFD0 /* Sources */ = {
			isa = PBXSourcesBuildPhase;
			buildActionMask = 2147483647;
			files = (
			);
			runOnlyForDeploymentPostprocessing = 0;
		};
/* End PBXSourcesBuildPhase section */

/* Begin PBXTargetDependency section */
		240906A02D7DB73800ECFFD0 /* PBXTargetDependency */ = {
			isa = PBXTargetDependency;
			target = 2409068D2D7DB73600ECFFD0 /* SpeakBTest */;
			targetProxy = 2409069F2D7DB73800ECFFD0 /* PBXContainerItemProxy */;
		};
		240906AA2D7DB73800ECFFD0 /* PBXTargetDependency */ = {
			isa = PBXTargetDependency;
			target = 2409068D2D7DB73600ECFFD0 /* SpeakBTest */;
			targetProxy = 240906A92D7DB73800ECFFD0 /* PBXContainerItemProxy */;
		};
/* End PBXTargetDependency section */

/* Begin XCBuildConfiguration section */
		240906B02D7DB73900ECFFD0 /* Debug */ = {
			isa = XCBuildConfiguration;
			buildSettings = {
				ALWAYS_SEARCH_USER_PATHS = NO;
				ASSETCATALOG_COMPILER_GENERATE_SWIFT_ASSET_SYMBOL_EXTENSIONS = YES;
				CLANG_ANALYZER_NONNULL = YES;
				CLANG_ANALYZER_NUMBER_OBJECT_CONVERSION = YES_AGGRESSIVE;
				CLANG_CXX_LANGUAGE_STANDARD = "gnu++20";
				CLANG_ENABLE_MODULES = YES;
				CLANG_ENABLE_OBJC_ARC = YES;
				CLANG_ENABLE_OBJC_WEAK = YES;
				CLANG_WARN_BLOCK_CAPTURE_AUTORELEASING = YES;
				CLANG_WARN_BOOL_CONVERSION = YES;
				CLANG_WARN_COMMA = YES;
				CLANG_WARN_CONSTANT_CONVERSION = YES;
				CLANG_WARN_DEPRECATED_OBJC_IMPLEMENTATIONS = YES;
				CLANG_WARN_DIRECT_OBJC_ISA_USAGE = YES_ERROR;
				CLANG_WARN_DOCUMENTATION_COMMENTS = YES;
				CLANG_WARN_EMPTY_BODY = YES;
				CLANG_WARN_ENUM_CONVERSION = YES;
				CLANG_WARN_INFINITE_RECURSION = YES;
				CLANG_WARN_INT_CONVERSION = YES;
				CLANG_WARN_NON_LITERAL_NULL_CONVERSION = YES;
				CLANG_WARN_OBJC_IMPLICIT_RETAIN_SELF = YES;
				CLANG_WARN_OBJC_LITERAL_CONVERSION = YES;
				CLANG_WARN_OBJC_ROOT_CLASS = YES_ERROR;
				CLANG_WARN_QUOTED_INCLUDE_IN_FRAMEWORK_HEADER = YES;
				CLANG_WARN_RANGE_LOOP_ANALYSIS = YES;
				CLANG_WARN_STRICT_PROTOTYPES = YES;
				CLANG_WARN_SUSPICIOUS_MOVE = YES;
				CLANG_WARN_UNGUARDED_AVAILABILITY = YES_AGGRESSIVE;
				CLANG_WARN_UNREACHABLE_CODE = YES;
				CLANG_WARN__DUPLICATE_METHOD_MATCH = YES;
				COPY_PHASE_STRIP = NO;
				DEBUG_INFORMATION_FORMAT = dwarf;
				ENABLE_STRICT_OBJC_MSGSEND = YES;
				ENABLE_TESTABILITY = YES;
				ENABLE_USER_SCRIPT_SANDBOXING = YES;
				GCC_C_LANGUAGE_STANDARD = gnu17;
				GCC_DYNAMIC_NO_PIC = NO;
				GCC_NO_COMMON_BLOCKS = YES;
				GCC_OPTIMIZATION_LEVEL = 0;
				GCC_PREPROCESSOR_DEFINITIONS = (
					"DEBUG=1",
					"$(inherited)",
				);
				GCC_WARN_64_TO_32_BIT_CONVERSION = YES;
				GCC_WARN_ABOUT_RETURN_TYPE = YES_ERROR;
				GCC_WARN_UNDECLARED_SELECTOR = YES;
				GCC_WARN_UNINITIALIZED_AUTOS = YES_AGGRESSIVE;
				GCC_WARN_UNUSED_FUNCTION = YES;
				GCC_WARN_UNUSED_VARIABLE = YES;
				IPHONEOS_DEPLOYMENT_TARGET = 18.2;
				LOCALIZATION_PREFERS_STRING_CATALOGS = YES;
				MTL_ENABLE_DEBUG_INFO = INCLUDE_SOURCE;
				MTL_FAST_MATH = YES;
				ONLY_ACTIVE_ARCH = YES;
				SDKROOT = iphoneos;
				SWIFT_ACTIVE_COMPILATION_CONDITIONS = "DEBUG $(inherited)";
				SWIFT_OPTIMIZATION_LEVEL = "-Onone";
			};
			name = Debug;
		};
		240906B12D7DB73900ECFFD0 /* Release */ = {
			isa = XCBuildConfiguration;
			buildSettings = {
				ALWAYS_SEARCH_USER_PATHS = NO;
				ASSETCATALOG_COMPILER_GENERATE_SWIFT_ASSET_SYMBOL_EXTENSIONS = YES;
				CLANG_ANALYZER_NONNULL = YES;
				CLANG_ANALYZER_NUMBER_OBJECT_CONVERSION = YES_AGGRESSIVE;
				CLANG_CXX_LANGUAGE_STANDARD = "gnu++20";
				CLANG_ENABLE_MODULES = YES;
				CLANG_ENABLE_OBJC_ARC = YES;
				CLANG_ENABLE_OBJC_WEAK = YES;
				CLANG_WARN_BLOCK_CAPTURE_AUTORELEASING = YES;
				CLANG_WARN_BOOL_CONVERSION = YES;
				CLANG_WARN_COMMA = YES;
				CLANG_WARN_CONSTANT_CONVERSION = YES;
				CLANG_WARN_DEPRECATED_OBJC_IMPLEMENTATIONS = YES;
				CLANG_WARN_DIRECT_OBJC_ISA_USAGE = YES_ERROR;
				CLANG_WARN_DOCUMENTATION_COMMENTS = YES;
				CLANG_WARN_EMPTY_BODY = YES;
				CLANG_WARN_ENUM_CONVERSION = YES;
				CLANG_WARN_INFINITE_RECURSION = YES;
				CLANG_WARN_INT_CONVERSION = YES;
				CLANG_WARN_NON_LITERAL_NULL_CONVERSION = YES;
				CLANG_WARN_OBJC_IMPLICIT_RETAIN_SELF = YES;
				CLANG_WARN_OBJC_LITERAL_CONVERSION = YES;
				CLANG_WARN_OBJC_ROOT_CLASS = YES_ERROR;
				CLANG_WARN_QUOTED_INCLUDE_IN_FRAMEWORK_HEADER = YES;
				CLANG_WARN_RANGE_LOOP_ANALYSIS = YES;
				CLANG_WARN_STRICT_PROTOTYPES = YES;
				CLANG_WARN_SUSPICIOUS_MOVE = YES;
				CLANG_WARN_UNGUARDED_AVAILABILITY = YES_AGGRESSIVE;
				CLANG_WARN_UNREACHABLE_CODE = YES;
				CLANG_WARN__DUPLICATE_METHOD_MATCH = YES;
				COPY_PHASE_STRIP = NO;
				DEBUG_INFORMATION_FORMAT = "dwarf-with-dsym";
				ENABLE_NS_ASSERTIONS = NO;
				ENABLE_STRICT_OBJC_MSGSEND = YES;
				ENABLE_USER_SCRIPT_SANDBOXING = YES;
				GCC_C_LANGUAGE_STANDARD = gnu17;
				GCC_NO_COMMON_BLOCKS = YES;
				GCC_WARN_64_TO_32_BIT_CONVERSION = YES;
				GCC_WARN_ABOUT_RETURN_TYPE = YES_ERROR;
				GCC_WARN_UNDECLARED_SELECTOR = YES;
				GCC_WARN_UNINITIALIZED_AUTOS = YES_AGGRESSIVE;
				GCC_WARN_UNUSED_FUNCTION = YES;
				GCC_WARN_UNUSED_VARIABLE = YES;
				IPHONEOS_DEPLOYMENT_TARGET = 18.2;
				LOCALIZATION_PREFERS_STRING_CATALOGS = YES;
				MTL_ENABLE_DEBUG_INFO = NO;
				MTL_FAST_MATH = YES;
				SDKROOT = iphoneos;
				SWIFT_COMPILATION_MODE = wholemodule;
				VALIDATE_PRODUCT = YES;
			};
			name = Release;
		};
		240906B32D7DB73900ECFFD0 /* Debug */ = {
			isa = XCBuildConfiguration;
			buildSettings = {
				ASSETCATALOG_COMPILER_APPICON_NAME = AppIcon;
				ASSETCATALOG_COMPILER_GLOBAL_ACCENT_COLOR_NAME = AccentColor;
				CODE_SIGN_STYLE = Automatic;
				CURRENT_PROJECT_VERSION = 1;
				DEVELOPMENT_ASSET_PATHS = "\"SpeakBTest/Preview Content\"";
				DEVELOPMENT_TEAM = S86ALT6ND9;
				ENABLE_PREVIEWS = YES;
				GENERATE_INFOPLIST_FILE = YES;
				INFOPLIST_KEY_UIApplicationSceneManifest_Generation = YES;
				INFOPLIST_KEY_UIApplicationSupportsIndirectInputEvents = YES;
				INFOPLIST_KEY_UILaunchScreen_Generation = YES;
				INFOPLIST_KEY_UISupportedInterfaceOrientations_iPad = "UIInterfaceOrientationPortrait UIInterfaceOrientationPortraitUpsideDown UIInterfaceOrientationLandscapeLeft UIInterfaceOrientationLandscapeRight";
				INFOPLIST_KEY_UISupportedInterfaceOrientations_iPhone = "UIInterfaceOrientationPortrait UIInterfaceOrientationLandscapeLeft UIInterfaceOrientationLandscapeRight";
				LD_RUNPATH_SEARCH_PATHS = (
					"$(inherited)",
					"@executable_path/Frameworks",
				);
				MARKETING_VERSION = 1.0;
				PRODUCT_BUNDLE_IDENTIFIER = com.mobile.SpeakBTest;
				PRODUCT_NAME = "$(TARGET_NAME)";
				SWIFT_EMIT_LOC_STRINGS = YES;
				SWIFT_VERSION = 5.0;
				TARGETED_DEVICE_FAMILY = "1,2";
			};
			name = Debug;
		};
		240906B42D7DB73900ECFFD0 /* Release */ = {
			isa = XCBuildConfiguration;
			buildSettings = {
				ASSETCATALOG_COMPILER_APPICON_NAME = AppIcon;
				ASSETCATALOG_COMPILER_GLOBAL_ACCENT_COLOR_NAME = AccentColor;
				CODE_SIGN_STYLE = Automatic;
				CURRENT_PROJECT_VERSION = 1;
				DEVELOPMENT_ASSET_PATHS = "\"SpeakBTest/Preview Content\"";
				DEVELOPMENT_TEAM = S86ALT6ND9;
				ENABLE_PREVIEWS = YES;
				GENERATE_INFOPLIST_FILE = YES;
				INFOPLIST_KEY_UIApplicationSceneManifest_Generation = YES;
				INFOPLIST_KEY_UIApplicationSupportsIndirectInputEvents = YES;
				INFOPLIST_KEY_UILaunchScreen_Generation = YES;
				INFOPLIST_KEY_UISupportedInterfaceOrientations_iPad = "UIInterfaceOrientationPortrait UIInterfaceOrientationPortraitUpsideDown UIInterfaceOrientationLandscapeLeft UIInterfaceOrientationLandscapeRight";
				INFOPLIST_KEY_UISupportedInterfaceOrientations_iPhone = "UIInterfaceOrientationPortrait UIInterfaceOrientationLandscapeLeft UIInterfaceOrientationLandscapeRight";
				LD_RUNPATH_SEARCH_PATHS = (
					"$(inherited)",
					"@executable_path/Frameworks",
				);
				MARKETING_VERSION = 1.0;
				PRODUCT_BUNDLE_IDENTIFIER = com.mobile.SpeakBTest;
				PRODUCT_NAME = "$(TARGET_NAME)";
				SWIFT_EMIT_LOC_STRINGS = YES;
				SWIFT_VERSION = 5.0;
				TARGETED_DEVICE_FAMILY = "1,2";
			};
			name = Release;
		};
		240906B62D7DB73900ECFFD0 /* Debug */ = {
			isa = XCBuildConfiguration;
			buildSettings = {
				BUNDLE_LOADER = "$(TEST_HOST)";
				CODE_SIGN_STYLE = Automatic;
				CURRENT_PROJECT_VERSION = 1;
				DEVELOPMENT_TEAM = S86ALT6ND9;
				GENERATE_INFOPLIST_FILE = YES;
				IPHONEOS_DEPLOYMENT_TARGET = 18.2;
				MARKETING_VERSION = 1.0;
				PRODUCT_BUNDLE_IDENTIFIER = com.mobile.SpeakBTestTests;
				PRODUCT_NAME = "$(TARGET_NAME)";
				SWIFT_EMIT_LOC_STRINGS = NO;
				SWIFT_VERSION = 5.0;
				TARGETED_DEVICE_FAMILY = "1,2";
				TEST_HOST = "$(BUILT_PRODUCTS_DIR)/SpeakBTest.app/$(BUNDLE_EXECUTABLE_FOLDER_PATH)/SpeakBTest";
			};
			name = Debug;
		};
		240906B72D7DB73900ECFFD0 /* Release */ = {
			isa = XCBuildConfiguration;
			buildSettings = {
				BUNDLE_LOADER = "$(TEST_HOST)";
				CODE_SIGN_STYLE = Automatic;
				CURRENT_PROJECT_VERSION = 1;
				DEVELOPMENT_TEAM = S86ALT6ND9;
				GENERATE_INFOPLIST_FILE = YES;
				IPHONEOS_DEPLOYMENT_TARGET = 18.2;
				MARKETING_VERSION = 1.0;
				PRODUCT_BUNDLE_IDENTIFIER = com.mobile.SpeakBTestTests;
				PRODUCT_NAME = "$(TARGET_NAME)";
				SWIFT_EMIT_LOC_STRINGS = NO;
				SWIFT_VERSION = 5.0;
				TARGETED_DEVICE_FAMILY = "1,2";
				TEST_HOST = "$(BUILT_PRODUCTS_DIR)/SpeakBTest.app/$(BUNDLE_EXECUTABLE_FOLDER_PATH)/SpeakBTest";
			};
			name = Release;
		};
		240906B92D7DB73900ECFFD0 /* Debug */ = {
			isa = XCBuildConfiguration;
			buildSettings = {
				CODE_SIGN_STYLE = Automatic;
				CURRENT_PROJECT_VERSION = 1;
				DEVELOPMENT_TEAM = S86ALT6ND9;
				GENERATE_INFOPLIST_FILE = YES;
				MARKETING_VERSION = 1.0;
				PRODUCT_BUNDLE_IDENTIFIER = com.mobile.SpeakBTestUITests;
				PRODUCT_NAME = "$(TARGET_NAME)";
				SWIFT_EMIT_LOC_STRINGS = NO;
				SWIFT_VERSION = 5.0;
				TARGETED_DEVICE_FAMILY = "1,2";
				TEST_TARGET_NAME = SpeakBTest;
			};
			name = Debug;
		};
		240906BA2D7DB73900ECFFD0 /* Release */ = {
			isa = XCBuildConfiguration;
			buildSettings = {
				CODE_SIGN_STYLE = Automatic;
				CURRENT_PROJECT_VERSION = 1;
				DEVELOPMENT_TEAM = S86ALT6ND9;
				GENERATE_INFOPLIST_FILE = YES;
				MARKETING_VERSION = 1.0;
				PRODUCT_BUNDLE_IDENTIFIER = com.mobile.SpeakBTestUITests;
				PRODUCT_NAME = "$(TARGET_NAME)";
				SWIFT_EMIT_LOC_STRINGS = NO;
				SWIFT_VERSION = 5.0;
				TARGETED_DEVICE_FAMILY = "1,2";
				TEST_TARGET_NAME = SpeakBTest;
			};
			name = Release;
		};
/* End XCBuildConfiguration section */

/* Begin XCConfigurationList section */
		240906892D7DB73600ECFFD0 /* Build configuration list for PBXProject "SpeakBTest" */ = {
			isa = XCConfigurationList;
			buildConfigurations = (
				240906B02D7DB73900ECFFD0 /* Debug */,
				240906B12D7DB73900ECFFD0 /* Release */,
			);
			defaultConfigurationIsVisible = 0;
			defaultConfigurationName = Release;
		};
		240906B22D7DB73900ECFFD0 /* Build configuration list for PBXNativeTarget "SpeakBTest" */ = {
			isa = XCConfigurationList;
			buildConfigurations = (
				240906B32D7DB73900ECFFD0 /* Debug */,
				240906B42D7DB73900ECFFD0 /* Release */,
			);
			defaultConfigurationIsVisible = 0;
			defaultConfigurationName = Release;
		};
		240906B52D7DB73900ECFFD0 /* Build configuration list for PBXNativeTarget "SpeakBTestTests" */ = {
			isa = XCConfigurationList;
			buildConfigurations = (
				240906B62D7DB73900ECFFD0 /* Debug */,
				240906B72D7DB73900ECFFD0 /* Release */,
			);
			defaultConfigurationIsVisible = 0;
			defaultConfigurationName = Release;
		};
		240906B82D7DB73900ECFFD0 /* Build configuration list for PBXNativeTarget "SpeakBTestUITests" */ = {
			isa = XCConfigurationList;
			buildConfigurations = (
				240906B92D7DB73900ECFFD0 /* Debug */,
				240906BA2D7DB73900ECFFD0 /* Release */,
			);
			defaultConfigurationIsVisible = 0;
			defaultConfigurationName = Release;
		};
/* End XCConfigurationList section */
	};
	rootObject = 240906862D7DB73600ECFFD0 /* Project object */;
}
